
Microsoft Visual Studio Solution File, Format Version 12.00
# Visual Studio Version 17
VisualStudioVersion = 17.14.36616.10 d17.14
MinimumVisualStudioVersion = 10.0.40219.1
Project("{FAE04EC0-301F-11D3-BF4B-00C04F79EFBC}") = "ejerciciosPostParcial", "ejerciciosPostParcial.csproj", "{18FB6D39-6FEE-4511-9529-6A68DBA85BBC}"
EndProject
Global
	GlobalSection(SolutionConfigurationPlatforms) = preSolution
		Debug|Any CPU = Debug|Any CPU
		Release|Any CPU = Release|Any CPU
	EndGlobalSection
	GlobalSection(ProjectConfigurationPlatforms) = postSolution
		{18FB6D39-6FEE-4511-9529-6A68DBA85BBC}.Debug|Any CPU.ActiveCfg = Debug|Any CPU
		{18FB6D39-6FEE-4511-9529-6A68DBA85BBC}.Debug|Any CPU.Build.0 = Debug|Any CPU
		{18FB6D39-6FEE-4511-9529-6A68DBA85BBC}.Release|Any CPU.ActiveCfg = Release|Any CPU
		{18FB6D39-6FEE-4511-9529-6A68DBA85BBC}.Release|Any CPU.Build.0 = Release|Any CPU
	EndGlobalSection
	GlobalSection(SolutionProperties) = preSolution
		HideSolutionNode = FALSE
	EndGlobalSection
	GlobalSection(ExtensibilityGlobals) = postSolution
		SolutionGuid = {0B9046B3-86BC-4EF6-9B39-3829B659AFDA}
	EndGlobalSection
EndGlobal
